
Microsoft Visual Studio Solution File, Format Version 11.00
# Visual Studio 2010
Project("{FAE04EC0-301F-11D3-BF4B-00C04F79EFBC}") = "shader_tes2", "Assembly-CSharp.csproj", "{55BB43C6-D0A4-101D-EEE3-4C0979A71DDD}"
EndProject
Global
	GlobalSection(SolutionConfigurationPlatforms) = preSolution
		Debug|Any CPU = Debug|Any CPU
		Release|Any CPU = Release|Any CPU
	EndGlobalSection
	GlobalSection(ProjectConfigurationPlatforms) = postSolution
		{55BB43C6-D0A4-101D-EEE3-4C0979A71DDD}.Debug|Any CPU.ActiveCfg = Debug|Any CPU
		{55BB43C6-D0A4-101D-EEE3-4C0979A71DDD}.Debug|Any CPU.Build.0 = Debug|Any CPU
		{55BB43C6-D0A4-101D-EEE3-4C0979A71DDD}.Release|Any CPU.ActiveCfg = Release|Any CPU
		{55BB43C6-D0A4-101D-EEE3-4C0979A71DDD}.Release|Any CPU.Build.0 = Release|Any CPU
	EndGlobalSection
	GlobalSection(SolutionProperties) = preSolution
		HideSolutionNode = FALSE
	EndGlobalSection
	GlobalSection(MonoDevelopProperties) = preSolution
		StartupItem = Assembly-CSharp.csproj
	EndGlobalSection
EndGlobal
